
Microsoft Visual Studio Solution File, Format Version 12.00
# Visual Studio Version 17
VisualStudioVersion = 17.8.34511.84
MinimumVisualStudioVersion = 10.0.40219.1
Project("{FAE04EC0-301F-11D3-BF4B-00C04F79EFBC}") = "ATV4_CJ3022765", "ATV4_CJ3022765.csproj", "{8E3EFE68-A7A3-4DD2-A2E2-6F762114BA40}"
EndProject
Global
	GlobalSection(SolutionConfigurationPlatforms) = preSolution
		Debug|Any CPU = Debug|Any CPU
		Release|Any CPU = Release|Any CPU
	EndGlobalSection
	GlobalSection(ProjectConfigurationPlatforms) = postSolution
		{8E3EFE68-A7A3-4DD2-A2E2-6F762114BA40}.Debug|Any CPU.ActiveCfg = Debug|Any CPU
		{8E3EFE68-A7A3-4DD2-A2E2-6F762114BA40}.Debug|Any CPU.Build.0 = Debug|Any CPU
		{8E3EFE68-A7A3-4DD2-A2E2-6F762114BA40}.Release|Any CPU.ActiveCfg = Release|Any CPU
		{8E3EFE68-A7A3-4DD2-A2E2-6F762114BA40}.Release|Any CPU.Build.0 = Release|Any CPU
	EndGlobalSection
	GlobalSection(SolutionProperties) = preSolution
		HideSolutionNode = FALSE
	EndGlobalSection
	GlobalSection(ExtensibilityGlobals) = postSolution
		SolutionGuid = {82D6F8C6-BE37-4058-B811-9DBA3700BA78}
	EndGlobalSection
EndGlobal
